// !$*UTF8*$!
{
	archiveVersion = 1;
	classes = {
	};
	objectVersion = 51;
	objects = {

/* Begin PBXBuildFile section */
		623DB2E822BEF33D0017B73E /* SurveyViewController.swift in Sources */ = {isa = PBXBuildFile; fileRef = 623DB2E722BEF33D0017B73E /* SurveyViewController.swift */; };
		627372C422BEC940004BAD8D /* GoogleService-Info.plist in Resources */ = {isa = PBXBuildFile; fileRef = 627372C322BEC940004BAD8D /* GoogleService-Info.plist */; };
		627372C522BEC940004BAD8D /* GoogleService-Info.plist in Resources */ = {isa = PBXBuildFile; fileRef = 627372C322BEC940004BAD8D /* GoogleService-Info.plist */; };
		627372C622BEC940004BAD8D /* GoogleService-Info.plist in Resources */ = {isa = PBXBuildFile; fileRef = 627372C322BEC940004BAD8D /* GoogleService-Info.plist */; };
		62C0A42A22BEE9A70022F5CD /* packer.png in Resources */ = {isa = PBXBuildFile; fileRef = 62C0A42922BEE9A70022F5CD /* packer.png */; };
		62C24FFD22BEC87C0018CA20 /* AppDelegate.swift in Sources */ = {isa = PBXBuildFile; fileRef = 62C24FFC22BEC87C0018CA20 /* AppDelegate.swift */; };
		62C24FFF22BEC87C0018CA20 /* ViewController.swift in Sources */ = {isa = PBXBuildFile; fileRef = 62C24FFE22BEC87C0018CA20 /* ViewController.swift */; };
		62C2500222BEC87C0018CA20 /* Main.storyboard in Resources */ = {isa = PBXBuildFile; fileRef = 62C2500022BEC87C0018CA20 /* Main.storyboard */; };
		62C2500422BEC8860018CA20 /* Assets.xcassets in Resources */ = {isa = PBXBuildFile; fileRef = 62C2500322BEC8860018CA20 /* Assets.xcassets */; };
		62C2500722BEC8860018CA20 /* LaunchScreen.storyboard in Resources */ = {isa = PBXBuildFile; fileRef = 62C2500522BEC8860018CA20 /* LaunchScreen.storyboard */; };
		62C2501222BEC8870018CA20 /* HomeworkTests.swift in Sources */ = {isa = PBXBuildFile; fileRef = 62C2501122BEC8870018CA20 /* HomeworkTests.swift */; };
		62C2501D22BEC8870018CA20 /* HomeworkUITests.swift in Sources */ = {isa = PBXBuildFile; fileRef = 62C2501C22BEC8870018CA20 /* HomeworkUITests.swift */; };
		7C96E4ACC9D3947E80AE34E9 /* Pods_Homework.framework in Frameworks */ = {isa = PBXBuildFile; fileRef = A52D2DBDE15F1820EB59CDF0 /* Pods_Homework.framework */; };
/* End PBXBuildFile section */

/* Begin PBXContainerItemProxy section */
		62C2500E22BEC8870018CA20 /* PBXContainerItemProxy */ = {
			isa = PBXContainerItemProxy;
			containerPortal = 62C24FF122BEC87C0018CA20 /* Project object */;
			proxyType = 1;
			remoteGlobalIDString = 62C24FF822BEC87C0018CA20;
			remoteInfo = Homework;
		};
		62C2501922BEC8870018CA20 /* PBXContainerItemProxy */ = {
			isa = PBXContainerItemProxy;
			containerPortal = 62C24FF122BEC87C0018CA20 /* Project object */;
			proxyType = 1;
			remoteGlobalIDString = 62C24FF822BEC87C0018CA20;
			remoteInfo = Homework;
		};
/* End PBXContainerItemProxy section */

/* Begin PBXFileReference section */
		210B2F65135A952B872DE765 /* Pods-Homework.release.xcconfig */ = {isa = PBXFileReference; includeInIndex = 1; lastKnownFileType = text.xcconfig; name = "Pods-Homework.release.xcconfig"; path = "Target Support Files/Pods-Homework/Pods-Homework.release.xcconfig"; sourceTree = "<group>"; };
		623DB2E722BEF33D0017B73E /* SurveyViewController.swift */ = {isa = PBXFileReference; lastKnownFileType = sourcecode.swift; path = SurveyViewController.swift; sourceTree = "<group>"; };
		627372C322BEC940004BAD8D /* GoogleService-Info.plist */ = {isa = PBXFileReference; fileEncoding = 4; lastKnownFileType = text.plist.xml; path = "GoogleService-Info.plist"; sourceTree = "<group>"; };
		62C0A42922BEE9A70022F5CD /* packer.png */ = {isa = PBXFileReference; lastKnownFileType = image.png; path = packer.png; sourceTree = "<group>"; };
		62C24FF922BEC87C0018CA20 /* Homework.app */ = {isa = PBXFileReference; explicitFileType = wrapper.application; includeInIndex = 0; path = Homework.app; sourceTree = BUILT_PRODUCTS_DIR; };
		62C24FFC22BEC87C0018CA20 /* AppDelegate.swift */ = {isa = PBXFileReference; lastKnownFileType = sourcecode.swift; path = AppDelegate.swift; sourceTree = "<group>"; };
		62C24FFE22BEC87C0018CA20 /* ViewController.swift */ = {isa = PBXFileReference; lastKnownFileType = sourcecode.swift; path = ViewController.swift; sourceTree = "<group>"; };
		62C2500122BEC87C0018CA20 /* Base */ = {isa = PBXFileReference; lastKnownFileType = file.storyboard; name = Base; path = Base.lproj/Main.storyboard; sourceTree = "<group>"; };
		62C2500322BEC8860018CA20 /* Assets.xcassets */ = {isa = PBXFileReference; lastKnownFileType = folder.assetcatalog; path = Assets.xcassets; sourceTree = "<group>"; };
		62C2500622BEC8860018CA20 /* Base */ = {isa = PBXFileReference; lastKnownFileType = file.storyboard; name = Base; path = Base.lproj/LaunchScreen.storyboard; sourceTree = "<group>"; };
		62C2500822BEC8860018CA20 /* Info.plist */ = {isa = PBXFileReference; lastKnownFileType = text.plist.xml; path = Info.plist; sourceTree = "<group>"; };
		62C2500D22BEC8870018CA20 /* HomeworkTests.xctest */ = {isa = PBXFileReference; explicitFileType = wrapper.cfbundle; includeInIndex = 0; path = HomeworkTests.xctest; sourceTree = BUILT_PRODUCTS_DIR; };
		62C2501122BEC8870018CA20 /* HomeworkTests.swift */ = {isa = PBXFileReference; lastKnownFileType = sourcecode.swift; path = HomeworkTests.swift; sourceTree = "<group>"; };
		62C2501322BEC8870018CA20 /* Info.plist */ = {isa = PBXFileReference; lastKnownFileType = text.plist.xml; path = Info.plist; sourceTree = "<group>"; };
		62C2501822BEC8870018CA20 /* HomeworkUITests.xctest */ = {isa = PBXFileReference; explicitFileType = wrapper.cfbundle; includeInIndex = 0; path = HomeworkUITests.xctest; sourceTree = BUILT_PRODUCTS_DIR; };
		62C2501C22BEC8870018CA20 /* HomeworkUITests.swift */ = {isa = PBXFileReference; lastKnownFileType = sourcecode.swift; path = HomeworkUITests.swift; sourceTree = "<group>"; };
		62C2501E22BEC8870018CA20 /* Info.plist */ = {isa = PBXFileReference; lastKnownFileType = text.plist.xml; path = Info.plist; sourceTree = "<group>"; };
		A52D2DBDE15F1820EB59CDF0 /* Pods_Homework.framework */ = {isa = PBXFileReference; explicitFileType = wrapper.framework; includeInIndex = 0; path = Pods_Homework.framework; sourceTree = BUILT_PRODUCTS_DIR; };
		AF7D6151D8742C5FC6492444 /* Pods-Homework.debug.xcconfig */ = {isa = PBXFileReference; includeInIndex = 1; lastKnownFileType = text.xcconfig; name = "Pods-Homework.debug.xcconfig"; path = "Target Support Files/Pods-Homework/Pods-Homework.debug.xcconfig"; sourceTree = "<group>"; };
/* End PBXFileReference section */

/* Begin PBXFrameworksBuildPhase section */
		62C24FF622BEC87C0018CA20 /* Frameworks */ = {
			isa = PBXFrameworksBuildPhase;
			buildActionMask = 2147483647;
			files = (
				7C96E4ACC9D3947E80AE34E9 /* Pods_Homework.framework in Frameworks */,
			);
			runOnlyForDeploymentPostprocessing = 0;
		};
		62C2500A22BEC8870018CA20 /* Frameworks */ = {
			isa = PBXFrameworksBuildPhase;
			buildActionMask = 2147483647;
			files = (
			);
			runOnlyForDeploymentPostprocessing = 0;
		};
		62C2501522BEC8870018CA20 /* Frameworks */ = {
			isa = PBXFrameworksBuildPhase;
			buildActionMask = 2147483647;
			files = (
			);
			runOnlyForDeploymentPostprocessing = 0;
		};
/* End PBXFrameworksBuildPhase section */

/* Begin PBXGroup section */
		555F7155D08707EAC2D7CB2D /* Pods */ = {
			isa = PBXGroup;
			children = (
				AF7D6151D8742C5FC6492444 /* Pods-Homework.debug.xcconfig */,
				210B2F65135A952B872DE765 /* Pods-Homework.release.xcconfig */,
			);
			path = Pods;
			sourceTree = "<group>";
		};
		62C24FF022BEC87C0018CA20 = {
			isa = PBXGroup;
			children = (
				62C24FFB22BEC87C0018CA20 /* Homework */,
				62C2501022BEC8870018CA20 /* HomeworkTests */,
				62C2501B22BEC8870018CA20 /* HomeworkUITests */,
				62C24FFA22BEC87C0018CA20 /* Products */,
				555F7155D08707EAC2D7CB2D /* Pods */,
				6B6467F7CD9FB9812FFC5A34 /* Frameworks */,
			);
			sourceTree = "<group>";
		};
		62C24FFA22BEC87C0018CA20 /* Products */ = {
			isa = PBXGroup;
			children = (
				62C24FF922BEC87C0018CA20 /* Homework.app */,
				62C2500D22BEC8870018CA20 /* HomeworkTests.xctest */,
				62C2501822BEC8870018CA20 /* HomeworkUITests.xctest */,
			);
			name = Products;
			sourceTree = "<group>";
		};
		62C24FFB22BEC87C0018CA20 /* Homework */ = {
			isa = PBXGroup;
			children = (
				62C24FFC22BEC87C0018CA20 /* AppDelegate.swift */,
				62C24FFE22BEC87C0018CA20 /* ViewController.swift */,
				623DB2E722BEF33D0017B73E /* SurveyViewController.swift */,
				62C2500022BEC87C0018CA20 /* Main.storyboard */,
				62C2500322BEC8860018CA20 /* Assets.xcassets */,
				62C2500522BEC8860018CA20 /* LaunchScreen.storyboard */,
				62C2500822BEC8860018CA20 /* Info.plist */,
				627372C322BEC940004BAD8D /* GoogleService-Info.plist */,
				62C0A42922BEE9A70022F5CD /* packer.png */,
			);
			path = Homework;
			sourceTree = "<group>";
		};
		62C2501022BEC8870018CA20 /* HomeworkTests */ = {
			isa = PBXGroup;
			children = (
				62C2501122BEC8870018CA20 /* HomeworkTests.swift */,
				62C2501322BEC8870018CA20 /* Info.plist */,
			);
			path = HomeworkTests;
			sourceTree = "<group>";
		};
		62C2501B22BEC8870018CA20 /* HomeworkUITests */ = {
			isa = PBXGroup;
			children = (
				62C2501C22BEC8870018CA20 /* HomeworkUITests.swift */,
				62C2501E22BEC8870018CA20 /* Info.plist */,
			);
			path = HomeworkUITests;
			sourceTree = "<group>";
		};
		6B6467F7CD9FB9812FFC5A34 /* Frameworks */ = {
			isa = PBXGroup;
			children = (
				A52D2DBDE15F1820EB59CDF0 /* Pods_Homework.framework */,
			);
			name = Frameworks;
			sourceTree = "<group>";
		};
/* End PBXGroup section */

/* Begin PBXNativeTarget section */
		62C24FF822BEC87C0018CA20 /* Homework */ = {
			isa = PBXNativeTarget;
			buildConfigurationList = 62C2502122BEC8870018CA20 /* Build configuration list for PBXNativeTarget "Homework" */;
			buildPhases = (
				8741EC0968F9687E01C6A9C6 /* [CP] Check Pods Manifest.lock */,
				62C24FF522BEC87C0018CA20 /* Sources */,
				62C24FF622BEC87C0018CA20 /* Frameworks */,
				62C24FF722BEC87C0018CA20 /* Resources */,
				86D1F2232C5F56856BAF6FA4 /* [CP] Embed Pods Frameworks */,
				CED1A95F7C342DD4B0791148 /* [CP] Copy Pods Resources */,
			);
			buildRules = (
			);
			dependencies = (
			);
			name = Homework;
			productName = Homework;
			productReference = 62C24FF922BEC87C0018CA20 /* Homework.app */;
			productType = "com.apple.product-type.application";
		};
		62C2500C22BEC8870018CA20 /* HomeworkTests */ = {
			isa = PBXNativeTarget;
			buildConfigurationList = 62C2502422BEC8870018CA20 /* Build configuration list for PBXNativeTarget "HomeworkTests" */;
			buildPhases = (
				62C2500922BEC8870018CA20 /* Sources */,
				62C2500A22BEC8870018CA20 /* Frameworks */,
				62C2500B22BEC8870018CA20 /* Resources */,
			);
			buildRules = (
			);
			dependencies = (
				62C2500F22BEC8870018CA20 /* PBXTargetDependency */,
			);
			name = HomeworkTests;
			productName = HomeworkTests;
			productReference = 62C2500D22BEC8870018CA20 /* HomeworkTests.xctest */;
			productType = "com.apple.product-type.bundle.unit-test";
		};
		62C2501722BEC8870018CA20 /* HomeworkUITests */ = {
			isa = PBXNativeTarget;
			buildConfigurationList = 62C2502722BEC8870018CA20 /* Build configuration list for PBXNativeTarget "HomeworkUITests" */;
			buildPhases = (
				62C2501422BEC8870018CA20 /* Sources */,
				62C2501522BEC8870018CA20 /* Frameworks */,
				62C2501622BEC8870018CA20 /* Resources */,
			);
			buildRules = (
			);
			dependencies = (
				62C2501A22BEC8870018CA20 /* PBXTargetDependency */,
			);
			name = HomeworkUITests;
			productName = HomeworkUITests;
			productReference = 62C2501822BEC8870018CA20 /* HomeworkUITests.xctest */;
			productType = "com.apple.product-type.bundle.ui-testing";
		};
/* End PBXNativeTarget section */

/* Begin PBXProject section */
		62C24FF122BEC87C0018CA20 /* Project object */ = {
			isa = PBXProject;
			attributes = {
				LastSwiftUpdateCheck = 1020;
				LastUpgradeCheck = 1020;
				ORGANIZATIONNAME = "Et Cetera";
				TargetAttributes = {
					62C24FF822BEC87C0018CA20 = {
						CreatedOnToolsVersion = 10.2.1;
					};
					62C2500C22BEC8870018CA20 = {
						CreatedOnToolsVersion = 10.2.1;
						TestTargetID = 62C24FF822BEC87C0018CA20;
					};
					62C2501722BEC8870018CA20 = {
						CreatedOnToolsVersion = 10.2.1;
						TestTargetID = 62C24FF822BEC87C0018CA20;
					};
				};
			};
			buildConfigurationList = 62C24FF422BEC87C0018CA20 /* Build configuration list for PBXProject "Homework" */;
			compatibilityVersion = "Xcode 9.3";
			developmentRegion = en;
			hasScannedForEncodings = 0;
			knownRegions = (
				en,
				Base,
			);
			mainGroup = 62C24FF022BEC87C0018CA20;
			productRefGroup = 62C24FFA22BEC87C0018CA20 /* Products */;
			projectDirPath = "";
			projectRoot = "";
			targets = (
				62C24FF822BEC87C0018CA20 /* Homework */,
				62C2500C22BEC8870018CA20 /* HomeworkTests */,
				62C2501722BEC8870018CA20 /* HomeworkUITests */,
			);
		};
/* End PBXProject section */

/* Begin PBXResourcesBuildPhase section */
		62C24FF722BEC87C0018CA20 /* Resources */ = {
			isa = PBXResourcesBuildPhase;
			buildActionMask = 2147483647;
			files = (
				62C2500722BEC8860018CA20 /* LaunchScreen.storyboard in Resources */,
				62C0A42A22BEE9A70022F5CD /* packer.png in Resources */,
				627372C422BEC940004BAD8D /* GoogleService-Info.plist in Resources */,
				62C2500422BEC8860018CA20 /* Assets.xcassets in Resources */,
				62C2500222BEC87C0018CA20 /* Main.storyboard in Resources */,
			);
			runOnlyForDeploymentPostprocessing = 0;
		};
		62C2500B22BEC8870018CA20 /* Resources */ = {
			isa = PBXResourcesBuildPhase;
			buildActionMask = 2147483647;
			files = (
				627372C522BEC940004BAD8D /* GoogleService-Info.plist in Resources */,
			);
			runOnlyForDeploymentPostprocessing = 0;
		};
		62C2501622BEC8870018CA20 /* Resources */ = {
			isa = PBXResourcesBuildPhase;
			buildActionMask = 2147483647;
			files = (
				627372C622BEC940004BAD8D /* GoogleService-Info.plist in Resources */,
			);
			runOnlyForDeploymentPostprocessing = 0;
		};
/* End PBXResourcesBuildPhase section */

/* Begin PBXShellScriptBuildPhase section */
		86D1F2232C5F56856BAF6FA4 /* [CP] Embed Pods Frameworks */ = {
			isa = PBXShellScriptBuildPhase;
			buildActionMask = 2147483647;
			files = (
			);
			inputFileListPaths = (
				"${PODS_ROOT}/Target Support Files/Pods-Homework/Pods-Homework-frameworks-${CONFIGURATION}-input-files.xcfilelist",
			);
			name = "[CP] Embed Pods Frameworks";
			outputFileListPaths = (
				"${PODS_ROOT}/Target Support Files/Pods-Homework/Pods-Homework-frameworks-${CONFIGURATION}-output-files.xcfilelist",
			);
			runOnlyForDeploymentPostprocessing = 0;
			shellPath = /bin/sh;
			shellScript = "\"${PODS_ROOT}/Target Support Files/Pods-Homework/Pods-Homework-frameworks.sh\"\n";
			showEnvVarsInLog = 0;
		};
		8741EC0968F9687E01C6A9C6 /* [CP] Check Pods Manifest.lock */ = {
			isa = PBXShellScriptBuildPhase;
			buildActionMask = 2147483647;
			files = (
			);
			inputFileListPaths = (
			);
			inputPaths = (
				"${PODS_PODFILE_DIR_PATH}/Podfile.lock",
				"${PODS_ROOT}/Manifest.lock",
			);
			name = "[CP] Check Pods Manifest.lock";
			outputFileListPaths = (
			);
			outputPaths = (
				"$(DERIVED_FILE_DIR)/Pods-Homework-checkManifestLockResult.txt",
			);
			runOnlyForDeploymentPostprocessing = 0;
			shellPath = /bin/sh;
			shellScript = "diff \"${PODS_PODFILE_DIR_PATH}/Podfile.lock\" \"${PODS_ROOT}/Manifest.lock\" > /dev/null\nif [ $? != 0 ] ; then\n    # print error to STDERR\n    echo \"error: The sandbox is not in sync with the Podfile.lock. Run 'pod install' or update your CocoaPods installation.\" >&2\n    exit 1\nfi\n# This output is used by Xcode 'outputs' to avoid re-running this script phase.\necho \"SUCCESS\" > \"${SCRIPT_OUTPUT_FILE_0}\"\n";
			showEnvVarsInLog = 0;
		};
		CED1A95F7C342DD4B0791148 /* [CP] Copy Pods Resources */ = {
			isa = PBXShellScriptBuildPhase;
			buildActionMask = 2147483647;
			files = (
			);
			inputFileListPaths = (
				"${PODS_ROOT}/Target Support Files/Pods-Homework/Pods-Homework-resources-${CONFIGURATION}-input-files.xcfilelist",
			);
			name = "[CP] Copy Pods Resources";
			outputFileListPaths = (
				"${PODS_ROOT}/Target Support Files/Pods-Homework/Pods-Homework-resources-${CONFIGURATION}-output-files.xcfilelist",
			);
			runOnlyForDeploymentPostprocessing = 0;
			shellPath = /bin/sh;
			shellScript = "\"${PODS_ROOT}/Target Support Files/Pods-Homework/Pods-Homework-resources.sh\"\n";
			showEnvVarsInLog = 0;
		};
/* End PBXShellScriptBuildPhase section */

/* Begin PBXSourcesBuildPhase section */
		62C24FF522BEC87C0018CA20 /* Sources */ = {
			isa = PBXSourcesBuildPhase;
			buildActionMask = 2147483647;
			files = (
				62C24FFF22BEC87C0018CA20 /* ViewController.swift in Sources */,
				623DB2E822BEF33D0017B73E /* SurveyViewController.swift in Sources */,
				62C24FFD22BEC87C0018CA20 /* AppDelegate.swift in Sources */,
			);
			runOnlyForDeploymentPostprocessing = 0;
		};
		62C2500922BEC8870018CA20 /* Sources */ = {
			isa = PBXSourcesBuildPhase;
			buildActionMask = 2147483647;
			files = (
				62C2501222BEC8870018CA20 /* HomeworkTests.swift in Sources */,
			);
			runOnlyForDeploymentPostprocessing = 0;
		};
		62C2501422BEC8870018CA20 /* Sources */ = {
			isa = PBXSourcesBuildPhase;
			buildActionMask = 2147483647;
			files = (
				62C2501D22BEC8870018CA20 /* HomeworkUITests.swift in Sources */,
			);
			runOnlyForDeploymentPostprocessing = 0;
		};
/* End PBXSourcesBuildPhase section */

/* Begin PBXTargetDependency section */
		62C2500F22BEC8870018CA20 /* PBXTargetDependency */ = {
			isa = PBXTargetDependency;
			target = 62C24FF822BEC87C0018CA20 /* Homework */;
			targetProxy = 62C2500E22BEC8870018CA20 /* PBXContainerItemProxy */;
		};
		62C2501A22BEC8870018CA20 /* PBXTargetDependency */ = {
			isa = PBXTargetDependency;
			target = 62C24FF822BEC87C0018CA20 /* Homework */;
			targetProxy = 62C2501922BEC8870018CA20 /* PBXContainerItemProxy */;
		};
/* End PBXTargetDependency section */

/* Begin PBXVariantGroup section */
		62C2500022BEC87C0018CA20 /* Main.storyboard */ = {
			isa = PBXVariantGroup;
			children = (
				62C2500122BEC87C0018CA20 /* Base */,
			);
			name = Main.storyboard;
			sourceTree = "<group>";
		};
		62C2500522BEC8860018CA20 /* LaunchScreen.storyboard */ = {
			isa = PBXVariantGroup;
			children = (
				62C2500622BEC8860018CA20 /* Base */,
			);
			name = LaunchScreen.storyboard;
			sourceTree = "<group>";
		};
/* End PBXVariantGroup section */

/* Begin XCBuildConfiguration section */
		62C2501F22BEC8870018CA20 /* Debug */ = {
			isa = XCBuildConfiguration;
			buildSettings = {
				ALWAYS_SEARCH_USER_PATHS = NO;
				CLANG_ANALYZER_NONNULL = YES;
				CLANG_ANALYZER_NUMBER_OBJECT_CONVERSION = YES_AGGRESSIVE;
				CLANG_CXX_LANGUAGE_STANDARD = "gnu++14";
				CLANG_CXX_LIBRARY = "libc++";
				CLANG_ENABLE_MODULES = YES;
				CLANG_ENABLE_OBJC_ARC = YES;
				CLANG_ENABLE_OBJC_WEAK = YES;
				CLANG_WARN_BLOCK_CAPTURE_AUTORELEASING = YES;
				CLANG_WARN_BOOL_CONVERSION = YES;
				CLANG_WARN_COMMA = YES;
				CLANG_WARN_CONSTANT_CONVERSION = YES;
				CLANG_WARN_DEPRECATED_OBJC_IMPLEMENTATIONS = YES;
				CLANG_WARN_DIRECT_OBJC_ISA_USAGE = YES_ERROR;
				CLANG_WARN_DOCUMENTATION_COMMENTS = YES;
				CLANG_WARN_EMPTY_BODY = YES;
				CLANG_WARN_ENUM_CONVERSION = YES;
				CLANG_WARN_INFINITE_RECURSION = YES;
				CLANG_WARN_INT_CONVERSION = YES;
				CLANG_WARN_NON_LITERAL_NULL_CONVERSION = YES;
				CLANG_WARN_OBJC_IMPLICIT_RETAIN_SELF = YES;
				CLANG_WARN_OBJC_LITERAL_CONVERSION = YES;
				CLANG_WARN_OBJC_ROOT_CLASS = YES_ERROR;
				CLANG_WARN_RANGE_LOOP_ANALYSIS = YES;
				CLANG_WARN_STRICT_PROTOTYPES = YES;
				CLANG_WARN_SUSPICIOUS_MOVE = YES;
				CLANG_WARN_UNGUARDED_AVAILABILITY = YES_AGGRESSIVE;
				CLANG_WARN_UNREACHABLE_CODE = YES;
				CLANG_WARN__DUPLICATE_METHOD_MATCH = YES;
				CODE_SIGN_IDENTITY = "iPhone Developer";
				COPY_PHASE_STRIP = NO;
				DEBUG_INFORMATION_FORMAT = dwarf;
				ENABLE_STRICT_OBJC_MSGSEND = YES;
				ENABLE_TESTABILITY = YES;
				GCC_C_LANGUAGE_STANDARD = gnu11;
				GCC_DYNAMIC_NO_PIC = NO;
				GCC_NO_COMMON_BLOCKS = YES;
				GCC_OPTIMIZATION_LEVEL = 0;
				GCC_PREPROCESSOR_DEFINITIONS = (
					"DEBUG=1",
					"$(inherited)",
				);
				GCC_WARN_64_TO_32_BIT_CONVERSION = YES;
				GCC_WARN_ABOUT_RETURN_TYPE = YES_ERROR;
				GCC_WARN_UNDECLARED_SELECTOR = YES;
				GCC_WARN_UNINITIALIZED_AUTOS = YES_AGGRESSIVE;
				GCC_WARN_UNUSED_FUNCTION = YES;
				GCC_WARN_UNUSED_VARIABLE = YES;
				IPHONEOS_DEPLOYMENT_TARGET = 11.0;
				MTL_ENABLE_DEBUG_INFO = INCLUDE_SOURCE;
				MTL_FAST_MATH = YES;
				ONLY_ACTIVE_ARCH = YES;
				OTHER_LDFLAGS = "-ObjC";
				SDKROOT = iphoneos;
				SWIFT_ACTIVE_COMPILATION_CONDITIONS = DEBUG;
				SWIFT_OPTIMIZATION_LEVEL = "-Onone";
			};
			name = Debug;
		};
		62C2502022BEC8870018CA20 /* Release */ = {
			isa = XCBuildConfiguration;
			buildSettings = {
				ALWAYS_SEARCH_USER_PATHS = NO;
				CLANG_ANALYZER_NONNULL = YES;
				CLANG_ANALYZER_NUMBER_OBJECT_CONVERSION = YES_AGGRESSIVE;
				CLANG_CXX_LANGUAGE_STANDARD = "gnu++14";
				CLANG_CXX_LIBRARY = "libc++";
				CLANG_ENABLE_MODULES = YES;
				CLANG_ENABLE_OBJC_ARC = YES;
				CLANG_ENABLE_OBJC_WEAK = YES;
				CLANG_WARN_BLOCK_CAPTURE_AUTORELEASING = YES;
				CLANG_WARN_BOOL_CONVERSION = YES;
				CLANG_WARN_COMMA = YES;
				CLANG_WARN_CONSTANT_CONVERSION = YES;
				CLANG_WARN_DEPRECATED_OBJC_IMPLEMENTATIONS = YES;
				CLANG_WARN_DIRECT_OBJC_ISA_USAGE = YES_ERROR;
				CLANG_WARN_DOCUMENTATION_COMMENTS = YES;
				CLANG_WARN_EMPTY_BODY = YES;
				CLANG_WARN_ENUM_CONVERSION = YES;
				CLANG_WARN_INFINITE_RECURSION = YES;
				CLANG_WARN_INT_CONVERSION = YES;
				CLANG_WARN_NON_LITERAL_NULL_CONVERSION = YES;
				CLANG_WARN_OBJC_IMPLICIT_RETAIN_SELF = YES;
				CLANG_WARN_OBJC_LITERAL_CONVERSION = YES;
				CLANG_WARN_OBJC_ROOT_CLASS = YES_ERROR;
				CLANG_WARN_RANGE_LOOP_ANALYSIS = YES;
				CLANG_WARN_STRICT_PROTOTYPES = YES;
				CLANG_WARN_SUSPICIOUS_MOVE = YES;
				CLANG_WARN_UNGUARDED_AVAILABILITY = YES_AGGRESSIVE;
				CLANG_WARN_UNREACHABLE_CODE = YES;
				CLANG_WARN__DUPLICATE_METHOD_MATCH = YES;
				CODE_SIGN_IDENTITY = "iPhone Developer";
				COPY_PHASE_STRIP = NO;
				DEBUG_INFORMATION_FORMAT = "dwarf-with-dsym";
				ENABLE_NS_ASSERTIONS = NO;
				ENABLE_STRICT_OBJC_MSGSEND = YES;
				GCC_C_LANGUAGE_STANDARD = gnu11;
				GCC_NO_COMMON_BLOCKS = YES;
				GCC_WARN_64_TO_32_BIT_CONVERSION = YES;
				GCC_WARN_ABOUT_RETURN_TYPE = YES_ERROR;
				GCC_WARN_UNDECLARED_SELECTOR = YES;
				GCC_WARN_UNINITIALIZED_AUTOS = YES_AGGRESSIVE;
				GCC_WARN_UNUSED_FUNCTION = YES;
				GCC_WARN_UNUSED_VARIABLE = YES;
				IPHONEOS_DEPLOYMENT_TARGET = 11.0;
				MTL_ENABLE_DEBUG_INFO = NO;
				MTL_FAST_MATH = YES;
				OTHER_LDFLAGS = "-ObjC";
				SDKROOT = iphoneos;
				SWIFT_COMPILATION_MODE = wholemodule;
				SWIFT_OPTIMIZATION_LEVEL = "-O";
				VALIDATE_PRODUCT = YES;
			};
			name = Release;
		};
		62C2502222BEC8870018CA20 /* Debug */ = {
			isa = XCBuildConfiguration;
			baseConfigurationReference = AF7D6151D8742C5FC6492444 /* Pods-Homework.debug.xcconfig */;
			buildSettings = {
				ASSETCATALOG_COMPILER_APPICON_NAME = AppIcon;
				CODE_SIGN_STYLE = Automatic;
				DEVELOPMENT_TEAM = 5JJZ9DST9Z;
				INFOPLIST_FILE = Homework/Info.plist;
				IPHONEOS_DEPLOYMENT_TARGET = 11.0;
				LD_RUNPATH_SEARCH_PATHS = (
					"$(inherited)",
					"@executable_path/Frameworks",
				);
				PRODUCT_BUNDLE_IDENTIFIER = "Harrison-Resnick.Homework";
				PRODUCT_NAME = "$(TARGET_NAME)";
				SWIFT_VERSION = 5.0;
				TARGETED_DEVICE_FAMILY = 1;
			};
			name = Debug;
		};
		62C2502322BEC8870018CA20 /* Release */ = {
			isa = XCBuildConfiguration;
			baseConfigurationReference = 210B2F65135A952B872DE765 /* Pods-Homework.release.xcconfig */;
			buildSettings = {
				ASSETCATALOG_COMPILER_APPICON_NAME = AppIcon;
				CODE_SIGN_STYLE = Automatic;
				DEVELOPMENT_TEAM = 5JJZ9DST9Z;
				INFOPLIST_FILE = Homework/Info.plist;
				IPHONEOS_DEPLOYMENT_TARGET = 11.0;
				LD_RUNPATH_SEARCH_PATHS = (
					"$(inherited)",
					"@executable_path/Frameworks",
				);
				PRODUCT_BUNDLE_IDENTIFIER = "Harrison-Resnick.Homework";
				PRODUCT_NAME = "$(TARGET_NAME)";
				SWIFT_VERSION = 5.0;
				TARGETED_DEVICE_FAMILY = 1;
			};
			name = Release;
		};
		62C2502522BEC8870018CA20 /* Debug */ = {
			isa = XCBuildConfiguration;
			buildSettings = {
				ALWAYS_EMBED_SWIFT_STANDARD_LIBRARIES = YES;
				BUNDLE_LOADER = "$(TEST_HOST)";
				CODE_SIGN_STYLE = Automatic;
				DEVELOPMENT_TEAM = 5JJZ9DST9Z;
				INFOPLIST_FILE = HomeworkTests/Info.plist;
				LD_RUNPATH_SEARCH_PATHS = (
					"$(inherited)",
					"@executable_path/Frameworks",
					"@loader_path/Frameworks",
				);
				PRODUCT_BUNDLE_IDENTIFIER = "Harrison-Resnick.HomeworkTests";
				PRODUCT_NAME = "$(TARGET_NAME)";
				SWIFT_VERSION = 5.0;
				TARGETED_DEVICE_FAMILY = "1,2";
				TEST_HOST = "$(BUILT_PRODUCTS_DIR)/Homework.app/Homework";
			};
			name = Debug;
		};
		62C2502622BEC8870018CA20 /* Release */ = {
			isa = XCBuildConfiguration;
			buildSettings = {
				ALWAYS_EMBED_SWIFT_STANDARD_LIBRARIES = YES;
				BUNDLE_LOADER = "$(TEST_HOST)";
				CODE_SIGN_STYLE = Automatic;
				DEVELOPMENT_TEAM = 5JJZ9DST9Z;
				INFOPLIST_FILE = HomeworkTests/Info.plist;
				LD_RUNPATH_SEARCH_PATHS = (
					"$(inherited)",
					"@executable_path/Frameworks",
					"@loader_path/Frameworks",
				);
				PRODUCT_BUNDLE_IDENTIFIER = "Harrison-Resnick.HomeworkTests";
				PRODUCT_NAME = "$(TARGET_NAME)";
				SWIFT_VERSION = 5.0;
				TARGETED_DEVICE_FAMILY = "1,2";
				TEST_HOST = "$(BUILT_PRODUCTS_DIR)/Homework.app/Homework";
			};
			name = Release;
		};
		62C2502822BEC8870018CA20 /* Debug */ = {
			isa = XCBuildConfiguration;
			buildSettings = {
				ALWAYS_EMBED_SWIFT_STANDARD_LIBRARIES = YES;
				CODE_SIGN_STYLE = Automatic;
				DEVELOPMENT_TEAM = 5JJZ9DST9Z;
				INFOPLIST_FILE = HomeworkUITests/Info.plist;
				LD_RUNPATH_SEARCH_PATHS = (
					"$(inherited)",
					"@executable_path/Frameworks",
					"@loader_path/Frameworks",
				);
				PRODUCT_BUNDLE_IDENTIFIER = "Harrison-Resnick.HomeworkUITests";
				PRODUCT_NAME = "$(TARGET_NAME)";
				SWIFT_VERSION = 5.0;
				TARGETED_DEVICE_FAMILY = "1,2";
				TEST_TARGET_NAME = Homework;
			};
			name = Debug;
		};
		62C2502922BEC8870018CA20 /* Release */ = {
			isa = XCBuildConfiguration;
			buildSettings = {
				ALWAYS_EMBED_SWIFT_STANDARD_LIBRARIES = YES;
				CODE_SIGN_STYLE = Automatic;
				DEVELOPMENT_TEAM = 5JJZ9DST9Z;
				INFOPLIST_FILE = HomeworkUITests/Info.plist;
				LD_RUNPATH_SEARCH_PATHS = (
					"$(inherited)",
					"@executable_path/Frameworks",
					"@loader_path/Frameworks",
				);
				PRODUCT_BUNDLE_IDENTIFIER = "Harrison-Resnick.HomeworkUITests";
				PRODUCT_NAME = "$(TARGET_NAME)";
				SWIFT_VERSION = 5.0;
				TARGETED_DEVICE_FAMILY = "1,2";
				TEST_TARGET_NAME = Homework;
			};
			name = Release;
		};
/* End XCBuildConfiguration section */

/* Begin XCConfigurationList section */
		62C24FF422BEC87C0018CA20 /* Build configuration list for PBXProject "Homework" */ = {
			isa = XCConfigurationList;
			buildConfigurations = (
				62C2501F22BEC8870018CA20 /* Debug */,
				62C2502022BEC8870018CA20 /* Release */,
			);
			defaultConfigurationIsVisible = 0;
			defaultConfigurationName = Release;
		};
		62C2502122BEC8870018CA20 /* Build configuration list for PBXNativeTarget "Homework" */ = {
			isa = XCConfigurationList;
			buildConfigurations = (
				62C2502222BEC8870018CA20 /* Debug */,
				62C2502322BEC8870018CA20 /* Release */,
			);
			defaultConfigurationIsVisible = 0;
			defaultConfigurationName = Release;
		};
		62C2502422BEC8870018CA20 /* Build configuration list for PBXNativeTarget "HomeworkTests" */ = {
			isa = XCConfigurationList;
			buildConfigurations = (
				62C2502522BEC8870018CA20 /* Debug */,
				62C2502622BEC8870018CA20 /* Release */,
			);
			defaultConfigurationIsVisible = 0;
			defaultConfigurationName = Release;
		};
		62C2502722BEC8870018CA20 /* Build configuration list for PBXNativeTarget "HomeworkUITests" */ = {
			isa = XCConfigurationList;
			buildConfigurations = (
				62C2502822BEC8870018CA20 /* Debug */,
				62C2502922BEC8870018CA20 /* Release */,
			);
			defaultConfigurationIsVisible = 0;
			defaultConfigurationName = Release;
		};
/* End XCConfigurationList section */
	};
	rootObject = 62C24FF122BEC87C0018CA20 /* Project object */;
}
